{
  "projects": [
    {
      "projectId": "wMMeiYinj2S8kNzikX15kk",
      "version": "latest",
      "dependencies": {},
      "lang": "js",
      "fileLocks": [
        {
          "type": "globalVariant",
          "assetId": "lYvANAZkniXlvL",
          "checksum": "840639c541dba23a292af36b6d5e6f38"
        },
        {
          "assetId": "wMMeiYinj2S8kNzikX15kk",
          "type": "projectCss",
          "checksum": "a6748fc0dfecf8e29d8e61d65bcd7c1b"
        },
        {
          "type": "renderModule",
          "assetId": "Xy9J9o8Jef3P6",
          "checksum": "60d7e2d5738d5b33a120d7524b7df8a5"
        },
        {
          "type": "cssRules",
          "assetId": "Xy9J9o8Jef3P6",
          "checksum": "60d7e2d5738d5b33a120d7524b7df8a5"
        },
        {
          "type": "renderModule",
          "assetId": "hovGCuNp_m5ZuZ",
          "checksum": "f953697f95b932440210714d2dee95a0"
        },
        {
          "type": "cssRules",
          "assetId": "hovGCuNp_m5ZuZ",
          "checksum": "f953697f95b932440210714d2dee95a0"
        },
        {
          "type": "renderModule",
          "assetId": "ok4wF_nEKQGkCc",
          "checksum": "2f9bc8212ee9ec9e55a3f1aa0bd5416c"
        },
        {
          "type": "cssRules",
          "assetId": "ok4wF_nEKQGkCc",
          "checksum": "2f9bc8212ee9ec9e55a3f1aa0bd5416c"
        },
        {
          "type": "renderModule",
          "assetId": "4oxA5cT7U0x3ZX",
          "checksum": "7739433be1ee04abd30c4b9f6547445f"
        },
        {
          "type": "cssRules",
          "assetId": "4oxA5cT7U0x3ZX",
          "checksum": "7739433be1ee04abd30c4b9f6547445f"
        },
        {
          "type": "renderModule",
          "assetId": "LVLS68bGRjt-",
          "checksum": "938613a1787c5bc0b6a85a0b43dd17cc"
        },
        {
          "type": "cssRules",
          "assetId": "LVLS68bGRjt-",
          "checksum": "938613a1787c5bc0b6a85a0b43dd17cc"
        },
        {
          "type": "renderModule",
          "assetId": "jAq2dL8St2WX",
          "checksum": "222a5b7b3b78d09e25ea440b5a4d1ebe"
        },
        {
          "type": "cssRules",
          "assetId": "jAq2dL8St2WX",
          "checksum": "222a5b7b3b78d09e25ea440b5a4d1ebe"
        },
        {
          "type": "renderModule",
          "assetId": "NDYfxDvmY0sFv",
          "checksum": "daca5d1a10bbf9cdeda546f316f4cf71"
        },
        {
          "type": "cssRules",
          "assetId": "NDYfxDvmY0sFv",
          "checksum": "daca5d1a10bbf9cdeda546f316f4cf71"
        },
        {
          "type": "renderModule",
          "assetId": "0Jt4ZLWL6KCvr",
          "checksum": "b6336657427af7339e3f8ce5227a6cec"
        },
        {
          "type": "cssRules",
          "assetId": "0Jt4ZLWL6KCvr",
          "checksum": "b6336657427af7339e3f8ce5227a6cec"
        },
        {
          "type": "renderModule",
          "assetId": "E-gknPKLfUFrA",
          "checksum": "6aaf9aceafda14842bcbacfc6cf2f4b8"
        },
        {
          "type": "cssRules",
          "assetId": "E-gknPKLfUFrA",
          "checksum": "6aaf9aceafda14842bcbacfc6cf2f4b8"
        },
        {
          "type": "renderModule",
          "assetId": "SU3XVFibRkuzI",
          "checksum": "232f5323a8a604a2d8a5a2d1a79999cd"
        },
        {
          "type": "cssRules",
          "assetId": "SU3XVFibRkuzI",
          "checksum": "232f5323a8a604a2d8a5a2d1a79999cd"
        },
        {
          "type": "renderModule",
          "assetId": "OIM1U3YCMPTvY",
          "checksum": "8a185ed1121301dcd01f441b2b7a8a0f"
        },
        {
          "type": "cssRules",
          "assetId": "OIM1U3YCMPTvY",
          "checksum": "8a185ed1121301dcd01f441b2b7a8a0f"
        },
        {
          "type": "renderModule",
          "assetId": "6gbw60ZIAQy-i",
          "checksum": "11f64acb64e0d787f193cce5ed9046b6"
        },
        {
          "type": "cssRules",
          "assetId": "6gbw60ZIAQy-i",
          "checksum": "11f64acb64e0d787f193cce5ed9046b6"
        },
        {
          "type": "renderModule",
          "assetId": "XlM4_2MgKHyU7",
          "checksum": "5c1a026438b5c41f84a2fd6eafe320e6"
        },
        {
          "type": "cssRules",
          "assetId": "XlM4_2MgKHyU7",
          "checksum": "5c1a026438b5c41f84a2fd6eafe320e6"
        },
        {
          "type": "renderModule",
          "assetId": "wfFUIAj98gdZ0Y",
          "checksum": "335cbd48d26120d2c56828b0badb377b"
        },
        {
          "type": "cssRules",
          "assetId": "wfFUIAj98gdZ0Y",
          "checksum": "335cbd48d26120d2c56828b0badb377b"
        },
        {
          "type": "renderModule",
          "assetId": "rZjupVTJKaSgJr",
          "checksum": "3964d8fd1d2ca22ab5275e415b0f8c48"
        },
        {
          "type": "cssRules",
          "assetId": "rZjupVTJKaSgJr",
          "checksum": "3964d8fd1d2ca22ab5275e415b0f8c48"
        },
        {
          "type": "renderModule",
          "assetId": "gD8G87m2y4mXbP",
          "checksum": "71f60ffa2cb2b698423bc6197f39b271"
        },
        {
          "type": "cssRules",
          "assetId": "gD8G87m2y4mXbP",
          "checksum": "71f60ffa2cb2b698423bc6197f39b271"
        },
        {
          "type": "icon",
          "assetId": "Mru3UgawBST76-",
          "checksum": "dc774b2056bae322162b28a52777c4bb"
        },
        {
          "type": "icon",
          "assetId": "MNFDx0CodpaUQ9",
          "checksum": "a7076531a88e9b4bd5de0a337233cb29"
        },
        {
          "type": "icon",
          "assetId": "aMIXZE6NuRxLlk",
          "checksum": "9d16b1f0250bf49190b5dc8ba94f22c3"
        },
        {
          "type": "icon",
          "assetId": "r_YGMptmfZ_aFH",
          "checksum": "b0c8929e7659d0c52b4ae542031e80ea"
        },
        {
          "type": "icon",
          "assetId": "FxlWSm--IXi0by",
          "checksum": "f67e3e29f6e7a5b165f6d2d63519cdb1"
        },
        {
          "type": "icon",
          "assetId": "3OQ3Ne3ARIsfL2",
          "checksum": "35a5f83a9ac5a2dc58ce0ac05a889d9d"
        },
        {
          "type": "icon",
          "assetId": "Rg3Gs3IH8sT1Ew",
          "checksum": "aa4c7a420fd3ffd0b6c3fd2303e8af6f"
        },
        {
          "type": "icon",
          "assetId": "Op0oW714l0c13w",
          "checksum": "7487708b92314ee32128401cd35d3051"
        },
        {
          "type": "icon",
          "assetId": "PKpLKKxNooxqdw",
          "checksum": "156934ca62e04398b70be21373e63bdc"
        },
        {
          "type": "icon",
          "assetId": "O3jGuVSvLuyd40",
          "checksum": "eb306561963c7a0e7a208f18379b9f8e"
        },
        {
          "type": "icon",
          "assetId": "YjFFJF7soeylAn",
          "checksum": "63d3bbaf4bf8ad05530a161bd3f79f10"
        },
        {
          "type": "icon",
          "assetId": "rMFCIc0JVDEwRt",
          "checksum": "d6f143d7db6b43e875533a781de0451f"
        },
        {
          "type": "icon",
          "assetId": "iFfBD5Ru2naicS",
          "checksum": "79b1d6a2ba33a3d45d84b69e61802c5a"
        },
        {
          "type": "icon",
          "assetId": "sH42PYqNd60B26",
          "checksum": "dd95f9e94fee5ecd31a738224a076c2f"
        },
        {
          "type": "icon",
          "assetId": "tpYRLamTg7KXpx",
          "checksum": "c668c4dbf397bf225389dca1114877f8"
        },
        {
          "type": "icon",
          "assetId": "DPokyosL10nc1W",
          "checksum": "1a90a5a7a840c8338dba34e0f0149267"
        },
        {
          "type": "icon",
          "assetId": "DW89qZJGsMrwtO",
          "checksum": "e66c03a8733350db537a70155dd01551"
        },
        {
          "type": "image",
          "assetId": "_BvBUjtRwElP2d",
          "checksum": "94f7a6d5b23d3fdecfc8bf16012c237a"
        },
        {
          "type": "image",
          "assetId": "RyR-gZJ5qpdtYi",
          "checksum": "d145d4f1952f1d5f2fb0158cffe31ef7"
        },
        {
          "type": "image",
          "assetId": "VmQBHjspv6I5e_",
          "checksum": "0dd9857acdafe0c058fa582e19d84184"
        },
        {
          "type": "image",
          "assetId": "oCUoYdyj1Xa15V",
          "checksum": "94630af67fb81481e769275e46c3dacf"
        },
        {
          "type": "image",
          "assetId": "irBUr_TXtSQ7yX",
          "checksum": "163732015e8209394b1b87b6588fb22c"
        },
        {
          "type": "image",
          "assetId": "8rAgh5Er7wVvIf",
          "checksum": "3ce25928e5725f496cdbc6aa84b3ec94"
        },
        {
          "type": "image",
          "assetId": "RZ17N7EFICpIYm",
          "checksum": "97062d08a632e07ddc6401acf99dd034"
        },
        {
          "type": "image",
          "assetId": "fcRUY-F5W-S52h",
          "checksum": "b02632507776175ef76040720d6ddd9e"
        },
        {
          "type": "image",
          "assetId": "ZyJJHyQe5oCPcF",
          "checksum": "4ca2d23664c720e61a31a65d1d3a4e6b"
        },
        {
          "type": "image",
          "assetId": "XdqKSECAF0qb28",
          "checksum": "79ca7cdc5263b44cb5ac48d332e2b2e0"
        },
        {
          "type": "image",
          "assetId": "XpAk4SVjSL1pvd",
          "checksum": "3baf4c8d8731a61b938322a372036f1c"
        },
        {
          "type": "image",
          "assetId": "SQIiDkaE_sZhXn",
          "checksum": "70fa7986d1d4546ec3440ed8411609e5"
        },
        {
          "type": "image",
          "assetId": "KjqqLVaGaGY_zO",
          "checksum": "8124dbfe06a34c9e462a102084981d59"
        },
        {
          "type": "image",
          "assetId": "b0TAI_6GdNuNzH",
          "checksum": "88712ae3d06fbba47fc8b2a3d5d6a2a8"
        },
        {
          "type": "image",
          "assetId": "Kh6tgdM9VJ4e0R",
          "checksum": "324f8c83a2ed3bd873f2bd96fff4b18a"
        },
        {
          "type": "image",
          "assetId": "tZ5huVFWpsT8r8",
          "checksum": "9c979b2b917829a21a7fa1f5977e46ed"
        },
        {
          "type": "image",
          "assetId": "CKX323B7fPwz_q",
          "checksum": "1cefecc28be3f919e7190c5a05e481f5"
        },
        {
          "type": "image",
          "assetId": "rZuvyIhp0awgnP",
          "checksum": "452ba9efc9129d56303470b73f1dc9c1"
        },
        {
          "type": "image",
          "assetId": "1-aF3hyRxBkTpY",
          "checksum": "213677dad208cb5ee2f788c0301134d6"
        },
        {
          "type": "image",
          "assetId": "hAQ5NsUvx4KvmX",
          "checksum": "1b295e438ac267bcfc47775575004f89"
        }
      ],
      "codegenVersion": "0.0.1"
    }
  ],
  "cliVersion": "0.1.178"
}
